// !$*UTF8*$!
{
	archiveVersion = 1;
	classes = {
	};
	objectVersion = 50;
	objects = {

/* Begin PBXBuildFile section */
		FA35BDB22654E61F00F36E78 /* ButtonDesignExtension.swift in Sources */ = {isa = PBXBuildFile; fileRef = FA35BDB12654E61F00F36E78 /* ButtonDesignExtension.swift */; };
		FA35BDB62654E66200F36E78 /* TextFieldDesignExtension.swift in Sources */ = {isa = PBXBuildFile; fileRef = FA35BDB52654E66200F36E78 /* TextFieldDesignExtension.swift */; };
		FA3C2947264B829D00F83AD5 /* AppDelegate.swift in Sources */ = {isa = PBXBuildFile; fileRef = FA3C2946264B829D00F83AD5 /* AppDelegate.swift */; };
		FA3C2949264B829D00F83AD5 /* SceneDelegate.swift in Sources */ = {isa = PBXBuildFile; fileRef = FA3C2948264B829D00F83AD5 /* SceneDelegate.swift */; };
		FA3C294B264B829D00F83AD5 /* ContentView.swift in Sources */ = {isa = PBXBuildFile; fileRef = FA3C294A264B829D00F83AD5 /* ContentView.swift */; };
		FA3C294D264B829E00F83AD5 /* Assets.xcassets in Resources */ = {isa = PBXBuildFile; fileRef = FA3C294C264B829E00F83AD5 /* Assets.xcassets */; };
		FA3C2950264B829E00F83AD5 /* Preview Assets.xcassets in Resources */ = {isa = PBXBuildFile; fileRef = FA3C294F264B829E00F83AD5 /* Preview Assets.xcassets */; };
		FA3C2953264B829E00F83AD5 /* LaunchScreen.storyboard in Resources */ = {isa = PBXBuildFile; fileRef = FA3C2951264B829E00F83AD5 /* LaunchScreen.storyboard */; };
		FA3C2963264B8A2500F83AD5 /* .swiftlint.yml in Resources */ = {isa = PBXBuildFile; fileRef = FA3C2962264B8A2500F83AD5 /* .swiftlint.yml */; };
		FA3C2967264B8DD600F83AD5 /* .gitignore in Resources */ = {isa = PBXBuildFile; fileRef = FA3C2966264B8DD600F83AD5 /* .gitignore */; };
		FA3C296D264B94CD00F83AD5 /* TabBarViewController.swift in Sources */ = {isa = PBXBuildFile; fileRef = FA3C296B264B94CD00F83AD5 /* TabBarViewController.swift */; };
		FA3C296E264B94CD00F83AD5 /* TabBarViewController.xib in Resources */ = {isa = PBXBuildFile; fileRef = FA3C296C264B94CD00F83AD5 /* TabBarViewController.xib */; };
		FA3C2981264B96A300F83AD5 /* HomeViewController.swift in Sources */ = {isa = PBXBuildFile; fileRef = FA3C297F264B96A300F83AD5 /* HomeViewController.swift */; };
		FA3C2982264B96A300F83AD5 /* HomeViewController.xib in Resources */ = {isa = PBXBuildFile; fileRef = FA3C2980264B96A300F83AD5 /* HomeViewController.xib */; };
		FA3C2987264B998900F83AD5 /* DreamViewController.swift in Sources */ = {isa = PBXBuildFile; fileRef = FA3C2985264B998900F83AD5 /* DreamViewController.swift */; };
		FA3C2988264B998900F83AD5 /* DreamViewController.xib in Resources */ = {isa = PBXBuildFile; fileRef = FA3C2986264B998900F83AD5 /* DreamViewController.xib */; };
		FA3C298C264B999600F83AD5 /* ProfileViewController.swift in Sources */ = {isa = PBXBuildFile; fileRef = FA3C298A264B999600F83AD5 /* ProfileViewController.swift */; };
		FA3C298D264B999600F83AD5 /* ProfileViewController.xib in Resources */ = {isa = PBXBuildFile; fileRef = FA3C298B264B999600F83AD5 /* ProfileViewController.xib */; };
		FA42E214264F7A05003977BA /* AddTransactionViewController.swift in Sources */ = {isa = PBXBuildFile; fileRef = FA42E212264F7A05003977BA /* AddTransactionViewController.swift */; };
		FA42E215264F7A05003977BA /* AddTransactionViewController.xib in Resources */ = {isa = PBXBuildFile; fileRef = FA42E213264F7A05003977BA /* AddTransactionViewController.xib */; };
		FA42E222264FCB85003977BA /* DreamTableViewCell.swift in Sources */ = {isa = PBXBuildFile; fileRef = FA42E220264FCB85003977BA /* DreamTableViewCell.swift */; };
		FA42E223264FCB85003977BA /* DreamTableViewCell.xib in Resources */ = {isa = PBXBuildFile; fileRef = FA42E221264FCB85003977BA /* DreamTableViewCell.xib */; };
		FA42E227264FFF77003977BA /* Protocol.swift in Sources */ = {isa = PBXBuildFile; fileRef = FA42E226264FFF77003977BA /* Protocol.swift */; };
		FA42E22C2650288C003977BA /* AddDreamViewController.swift in Sources */ = {isa = PBXBuildFile; fileRef = FA42E22A2650288C003977BA /* AddDreamViewController.swift */; };
		FA42E2312650294B003977BA /* AddDreamViewController.xib in Resources */ = {isa = PBXBuildFile; fileRef = FA42E2302650294B003977BA /* AddDreamViewController.xib */; };
		FA42E23C26502DE1003977BA /* DreamDetailViewController.swift in Sources */ = {isa = PBXBuildFile; fileRef = FA42E23A26502DE1003977BA /* DreamDetailViewController.swift */; };
		FA42E23D26502DE1003977BA /* DreamDetailViewController.xib in Resources */ = {isa = PBXBuildFile; fileRef = FA42E23B26502DE1003977BA /* DreamDetailViewController.xib */; };
		FA4AF9282656B9A90063F097 /* Toast.swift in Sources */ = {isa = PBXBuildFile; fileRef = FA4AF9272656B9A90063F097 /* Toast.swift */; };
		FA4AF92F265722FA0063F097 /* Loading.swift in Sources */ = {isa = PBXBuildFile; fileRef = FA4AF92E265722FA0063F097 /* Loading.swift */; };
		FA59C90F2656320A0016F359 /* TransactionNetworkService.swift in Sources */ = {isa = PBXBuildFile; fileRef = FA59C90E2656320A0016F359 /* TransactionNetworkService.swift */; };
		FA7658212650F52F00A0942C /* EditDreamViewController.swift in Sources */ = {isa = PBXBuildFile; fileRef = FA76581F2650F52F00A0942C /* EditDreamViewController.swift */; };
		FA7658252650F6A300A0942C /* EditDreamViewController.xib in Resources */ = {isa = PBXBuildFile; fileRef = FA7658242650F6A300A0942C /* EditDreamViewController.xib */; };
		FA76582B2650FB3B00A0942C /* TransactionDetailViewController.swift in Sources */ = {isa = PBXBuildFile; fileRef = FA76582A2650FB3B00A0942C /* TransactionDetailViewController.swift */; };
		FA76582F2650FB5F00A0942C /* TransactionDetailViewController.xib in Resources */ = {isa = PBXBuildFile; fileRef = FA76582E2650FB5F00A0942C /* TransactionDetailViewController.xib */; };
		FA76583526510BD800A0942C /* EditTransactionViewController.swift in Sources */ = {isa = PBXBuildFile; fileRef = FA76583326510BD800A0942C /* EditTransactionViewController.swift */; };
		FA76583A26510C0800A0942C /* EditTransactionViewController.xib in Resources */ = {isa = PBXBuildFile; fileRef = FA76583926510C0800A0942C /* EditTransactionViewController.xib */; };
		FA97547D264C25E00014374F /* Poppins-ExtraLight.ttf in Resources */ = {isa = PBXBuildFile; fileRef = FA97546A264C25E00014374F /* Poppins-ExtraLight.ttf */; };
		FA97547E264C25E00014374F /* Poppins-ThinItalic.ttf in Resources */ = {isa = PBXBuildFile; fileRef = FA97546B264C25E00014374F /* Poppins-ThinItalic.ttf */; };
		FA97547F264C25E00014374F /* Poppins-ExtraLightItalic.ttf in Resources */ = {isa = PBXBuildFile; fileRef = FA97546C264C25E00014374F /* Poppins-ExtraLightItalic.ttf */; };
		FA975480264C25E00014374F /* Poppins-BoldItalic.ttf in Resources */ = {isa = PBXBuildFile; fileRef = FA97546D264C25E00014374F /* Poppins-BoldItalic.ttf */; };
		FA975481264C25E00014374F /* Poppins-Light.ttf in Resources */ = {isa = PBXBuildFile; fileRef = FA97546E264C25E00014374F /* Poppins-Light.ttf */; };
		FA975482264C25E00014374F /* Poppins-Medium.ttf in Resources */ = {isa = PBXBuildFile; fileRef = FA97546F264C25E00014374F /* Poppins-Medium.ttf */; };
		FA975483264C25E00014374F /* Poppins-SemiBoldItalic.ttf in Resources */ = {isa = PBXBuildFile; fileRef = FA975470264C25E00014374F /* Poppins-SemiBoldItalic.ttf */; };
		FA975484264C25E00014374F /* Poppins-ExtraBoldItalic.ttf in Resources */ = {isa = PBXBuildFile; fileRef = FA975471264C25E00014374F /* Poppins-ExtraBoldItalic.ttf */; };
		FA975485264C25E00014374F /* Poppins-ExtraBold.ttf in Resources */ = {isa = PBXBuildFile; fileRef = FA975472264C25E00014374F /* Poppins-ExtraBold.ttf */; };
		FA975486264C25E00014374F /* Poppins-BlackItalic.ttf in Resources */ = {isa = PBXBuildFile; fileRef = FA975473264C25E00014374F /* Poppins-BlackItalic.ttf */; };
		FA975487264C25E00014374F /* OFL.txt in Resources */ = {isa = PBXBuildFile; fileRef = FA975474264C25E00014374F /* OFL.txt */; };
		FA975488264C25E00014374F /* Poppins-Regular.ttf in Resources */ = {isa = PBXBuildFile; fileRef = FA975475264C25E00014374F /* Poppins-Regular.ttf */; };
		FA975489264C25E00014374F /* Poppins-LightItalic.ttf in Resources */ = {isa = PBXBuildFile; fileRef = FA975476264C25E00014374F /* Poppins-LightItalic.ttf */; };
		FA97548A264C25E00014374F /* Poppins-Bold.ttf in Resources */ = {isa = PBXBuildFile; fileRef = FA975477264C25E00014374F /* Poppins-Bold.ttf */; };
		FA97548B264C25E00014374F /* Poppins-Black.ttf in Resources */ = {isa = PBXBuildFile; fileRef = FA975478264C25E00014374F /* Poppins-Black.ttf */; };
		FA97548C264C25E00014374F /* Poppins-Thin.ttf in Resources */ = {isa = PBXBuildFile; fileRef = FA975479264C25E00014374F /* Poppins-Thin.ttf */; };
		FA97548D264C25E00014374F /* Poppins-SemiBold.ttf in Resources */ = {isa = PBXBuildFile; fileRef = FA97547A264C25E00014374F /* Poppins-SemiBold.ttf */; };
		FA97548E264C25E00014374F /* Poppins-Italic.ttf in Resources */ = {isa = PBXBuildFile; fileRef = FA97547B264C25E00014374F /* Poppins-Italic.ttf */; };
		FA97548F264C25E00014374F /* Poppins-MediumItalic.ttf in Resources */ = {isa = PBXBuildFile; fileRef = FA97547C264C25E00014374F /* Poppins-MediumItalic.ttf */; };
		FA975494264C27D40014374F /* User.swift in Sources */ = {isa = PBXBuildFile; fileRef = FA975493264C27D40014374F /* User.swift */; };
		FAE59E5C264CFE790002C18E /* TransactionTableViewCell.swift in Sources */ = {isa = PBXBuildFile; fileRef = FAE59E5A264CFE790002C18E /* TransactionTableViewCell.swift */; };
		FAE59E5D264CFE790002C18E /* TransactionTableViewCell.xib in Resources */ = {isa = PBXBuildFile; fileRef = FAE59E5B264CFE790002C18E /* TransactionTableViewCell.xib */; };
		FAE59E6F264D03690002C18E /* TransactionViewController.swift in Sources */ = {isa = PBXBuildFile; fileRef = FAE59E6D264D03690002C18E /* TransactionViewController.swift */; };
		FAE59E70264D03690002C18E /* TransactionViewController.xib in Resources */ = {isa = PBXBuildFile; fileRef = FAE59E6E264D03690002C18E /* TransactionViewController.xib */; };
		FAE59E73264D13110002C18E /* Transaction.swift in Sources */ = {isa = PBXBuildFile; fileRef = FAE59E72264D13110002C18E /* Transaction.swift */; };
		FAE59E76264D13430002C18E /* Dream.swift in Sources */ = {isa = PBXBuildFile; fileRef = FAE59E75264D13430002C18E /* Dream.swift */; };
		FAE59E7C264D154B0002C18E /* UserData.swift in Sources */ = {isa = PBXBuildFile; fileRef = FAE59E7B264D154B0002C18E /* UserData.swift */; };
		FAF5EFDE2653241500031270 /* Utils.swift in Sources */ = {isa = PBXBuildFile; fileRef = FAF5EFDD2653241500031270 /* Utils.swift */; };
		FAF5EFE826533BC900031270 /* NotFoundView.xib in Resources */ = {isa = PBXBuildFile; fileRef = FAF5EFE726533BC900031270 /* NotFoundView.xib */; };
		FAF5EFEB26533BFB00031270 /* NotFoundView.swift in Sources */ = {isa = PBXBuildFile; fileRef = FAF5EFEA26533BFB00031270 /* NotFoundView.swift */; };
		FAF5EFF326538BF000031270 /* Persist.swift in Sources */ = {isa = PBXBuildFile; fileRef = FAF5EFF226538BF000031270 /* Persist.swift */; };
/* End PBXBuildFile section */

/* Begin PBXFileReference section */
		FA35BDB12654E61F00F36E78 /* ButtonDesignExtension.swift */ = {isa = PBXFileReference; lastKnownFileType = sourcecode.swift; path = ButtonDesignExtension.swift; sourceTree = "<group>"; };
		FA35BDB52654E66200F36E78 /* TextFieldDesignExtension.swift */ = {isa = PBXFileReference; lastKnownFileType = sourcecode.swift; path = TextFieldDesignExtension.swift; sourceTree = "<group>"; };
		FA3C2943264B829D00F83AD5 /* MyMonee.app */ = {isa = PBXFileReference; explicitFileType = wrapper.application; includeInIndex = 0; path = MyMonee.app; sourceTree = BUILT_PRODUCTS_DIR; };
		FA3C2946264B829D00F83AD5 /* AppDelegate.swift */ = {isa = PBXFileReference; lastKnownFileType = sourcecode.swift; path = AppDelegate.swift; sourceTree = "<group>"; };
		FA3C2948264B829D00F83AD5 /* SceneDelegate.swift */ = {isa = PBXFileReference; lastKnownFileType = sourcecode.swift; path = SceneDelegate.swift; sourceTree = "<group>"; };
		FA3C294A264B829D00F83AD5 /* ContentView.swift */ = {isa = PBXFileReference; lastKnownFileType = sourcecode.swift; path = ContentView.swift; sourceTree = "<group>"; };
		FA3C294C264B829E00F83AD5 /* Assets.xcassets */ = {isa = PBXFileReference; lastKnownFileType = folder.assetcatalog; path = Assets.xcassets; sourceTree = "<group>"; };
		FA3C294F264B829E00F83AD5 /* Preview Assets.xcassets */ = {isa = PBXFileReference; lastKnownFileType = folder.assetcatalog; path = "Preview Assets.xcassets"; sourceTree = "<group>"; };
		FA3C2952264B829E00F83AD5 /* Base */ = {isa = PBXFileReference; lastKnownFileType = file.storyboard; name = Base; path = Base.lproj/LaunchScreen.storyboard; sourceTree = "<group>"; };
		FA3C2954264B829E00F83AD5 /* Info.plist */ = {isa = PBXFileReference; lastKnownFileType = text.plist.xml; path = Info.plist; sourceTree = "<group>"; };
		FA3C2962264B8A2500F83AD5 /* .swiftlint.yml */ = {isa = PBXFileReference; lastKnownFileType = text.yaml; path = .swiftlint.yml; sourceTree = "<group>"; };
		FA3C2966264B8DD600F83AD5 /* .gitignore */ = {isa = PBXFileReference; lastKnownFileType = text; path = .gitignore; sourceTree = "<group>"; };
		FA3C296B264B94CD00F83AD5 /* TabBarViewController.swift */ = {isa = PBXFileReference; lastKnownFileType = sourcecode.swift; name = TabBarViewController.swift; path = MyMonee/ViewController/TabBar/TabBarViewController.swift; sourceTree = SOURCE_ROOT; };
		FA3C296C264B94CD00F83AD5 /* TabBarViewController.xib */ = {isa = PBXFileReference; lastKnownFileType = file.xib; name = TabBarViewController.xib; path = MyMonee/ViewController/TabBar/TabBarViewController.xib; sourceTree = SOURCE_ROOT; };
		FA3C297F264B96A300F83AD5 /* HomeViewController.swift */ = {isa = PBXFileReference; lastKnownFileType = sourcecode.swift; path = HomeViewController.swift; sourceTree = "<group>"; };
		FA3C2980264B96A300F83AD5 /* HomeViewController.xib */ = {isa = PBXFileReference; lastKnownFileType = file.xib; path = HomeViewController.xib; sourceTree = "<group>"; };
		FA3C2985264B998900F83AD5 /* DreamViewController.swift */ = {isa = PBXFileReference; lastKnownFileType = sourcecode.swift; path = DreamViewController.swift; sourceTree = "<group>"; };
		FA3C2986264B998900F83AD5 /* DreamViewController.xib */ = {isa = PBXFileReference; lastKnownFileType = file.xib; path = DreamViewController.xib; sourceTree = "<group>"; };
		FA3C298A264B999600F83AD5 /* ProfileViewController.swift */ = {isa = PBXFileReference; lastKnownFileType = sourcecode.swift; path = ProfileViewController.swift; sourceTree = "<group>"; };
		FA3C298B264B999600F83AD5 /* ProfileViewController.xib */ = {isa = PBXFileReference; lastKnownFileType = file.xib; path = ProfileViewController.xib; sourceTree = "<group>"; };
		FA42E212264F7A05003977BA /* AddTransactionViewController.swift */ = {isa = PBXFileReference; lastKnownFileType = sourcecode.swift; path = AddTransactionViewController.swift; sourceTree = "<group>"; };
		FA42E213264F7A05003977BA /* AddTransactionViewController.xib */ = {isa = PBXFileReference; lastKnownFileType = file.xib; path = AddTransactionViewController.xib; sourceTree = "<group>"; };
		FA42E220264FCB85003977BA /* DreamTableViewCell.swift */ = {isa = PBXFileReference; lastKnownFileType = sourcecode.swift; path = DreamTableViewCell.swift; sourceTree = "<group>"; };
		FA42E221264FCB85003977BA /* DreamTableViewCell.xib */ = {isa = PBXFileReference; lastKnownFileType = file.xib; path = DreamTableViewCell.xib; sourceTree = "<group>"; };
		FA42E226264FFF77003977BA /* Protocol.swift */ = {isa = PBXFileReference; lastKnownFileType = sourcecode.swift; path = Protocol.swift; sourceTree = "<group>"; };
		FA42E22A2650288C003977BA /* AddDreamViewController.swift */ = {isa = PBXFileReference; lastKnownFileType = sourcecode.swift; path = AddDreamViewController.swift; sourceTree = "<group>"; };
		FA42E2302650294B003977BA /* AddDreamViewController.xib */ = {isa = PBXFileReference; fileEncoding = 4; lastKnownFileType = file.xib; name = AddDreamViewController.xib; path = "/Users/RizkySaputra/Data/Code/MandiriAcademy/IOS/Final Project/MyMonee/MyMonee/ViewController/Dream/AddDream/AddDreamViewController.xib"; sourceTree = "<absolute>"; };
		FA42E23A26502DE1003977BA /* DreamDetailViewController.swift */ = {isa = PBXFileReference; lastKnownFileType = sourcecode.swift; path = DreamDetailViewController.swift; sourceTree = "<group>"; };
		FA42E23B26502DE1003977BA /* DreamDetailViewController.xib */ = {isa = PBXFileReference; lastKnownFileType = file.xib; path = DreamDetailViewController.xib; sourceTree = "<group>"; };
		FA4AF9272656B9A90063F097 /* Toast.swift */ = {isa = PBXFileReference; lastKnownFileType = sourcecode.swift; path = Toast.swift; sourceTree = "<group>"; };
		FA4AF92E265722FA0063F097 /* Loading.swift */ = {isa = PBXFileReference; lastKnownFileType = sourcecode.swift; path = Loading.swift; sourceTree = "<group>"; };
		FA59C90E2656320A0016F359 /* TransactionNetworkService.swift */ = {isa = PBXFileReference; lastKnownFileType = sourcecode.swift; path = TransactionNetworkService.swift; sourceTree = "<group>"; };
		FA76581F2650F52F00A0942C /* EditDreamViewController.swift */ = {isa = PBXFileReference; lastKnownFileType = sourcecode.swift; path = EditDreamViewController.swift; sourceTree = "<group>"; };
		FA7658242650F6A300A0942C /* EditDreamViewController.xib */ = {isa = PBXFileReference; fileEncoding = 4; lastKnownFileType = file.xib; name = EditDreamViewController.xib; path = MyMonee/ViewController/Dream/EditDream/EditDreamViewController.xib; sourceTree = SOURCE_ROOT; };
		FA76582A2650FB3B00A0942C /* TransactionDetailViewController.swift */ = {isa = PBXFileReference; lastKnownFileType = sourcecode.swift; path = TransactionDetailViewController.swift; sourceTree = "<group>"; };
		FA76582E2650FB5F00A0942C /* TransactionDetailViewController.xib */ = {isa = PBXFileReference; fileEncoding = 4; lastKnownFileType = file.xib; name = TransactionDetailViewController.xib; path = MyMonee/ViewController/Home/TransactionDetail/TransactionDetailViewController.xib; sourceTree = SOURCE_ROOT; };
		FA76583326510BD800A0942C /* EditTransactionViewController.swift */ = {isa = PBXFileReference; lastKnownFileType = sourcecode.swift; path = EditTransactionViewController.swift; sourceTree = "<group>"; };
		FA76583926510C0800A0942C /* EditTransactionViewController.xib */ = {isa = PBXFileReference; fileEncoding = 4; lastKnownFileType = file.xib; name = EditTransactionViewController.xib; path = MyMonee/ViewController/Home/EditTransaction/EditTransactionViewController.xib; sourceTree = SOURCE_ROOT; };
		FA97546A264C25E00014374F /* Poppins-ExtraLight.ttf */ = {isa = PBXFileReference; lastKnownFileType = file; path = "Poppins-ExtraLight.ttf"; sourceTree = "<group>"; };
		FA97546B264C25E00014374F /* Poppins-ThinItalic.ttf */ = {isa = PBXFileReference; lastKnownFileType = file; path = "Poppins-ThinItalic.ttf"; sourceTree = "<group>"; };
		FA97546C264C25E00014374F /* Poppins-ExtraLightItalic.ttf */ = {isa = PBXFileReference; lastKnownFileType = file; path = "Poppins-ExtraLightItalic.ttf"; sourceTree = "<group>"; };
		FA97546D264C25E00014374F /* Poppins-BoldItalic.ttf */ = {isa = PBXFileReference; lastKnownFileType = file; path = "Poppins-BoldItalic.ttf"; sourceTree = "<group>"; };
		FA97546E264C25E00014374F /* Poppins-Light.ttf */ = {isa = PBXFileReference; lastKnownFileType = file; path = "Poppins-Light.ttf"; sourceTree = "<group>"; };
		FA97546F264C25E00014374F /* Poppins-Medium.ttf */ = {isa = PBXFileReference; lastKnownFileType = file; path = "Poppins-Medium.ttf"; sourceTree = "<group>"; };
		FA975470264C25E00014374F /* Poppins-SemiBoldItalic.ttf */ = {isa = PBXFileReference; lastKnownFileType = file; path = "Poppins-SemiBoldItalic.ttf"; sourceTree = "<group>"; };
		FA975471264C25E00014374F /* Poppins-ExtraBoldItalic.ttf */ = {isa = PBXFileReference; lastKnownFileType = file; path = "Poppins-ExtraBoldItalic.ttf"; sourceTree = "<group>"; };
		FA975472264C25E00014374F /* Poppins-ExtraBold.ttf */ = {isa = PBXFileReference; lastKnownFileType = file; path = "Poppins-ExtraBold.ttf"; sourceTree = "<group>"; };
		FA975473264C25E00014374F /* Poppins-BlackItalic.ttf */ = {isa = PBXFileReference; lastKnownFileType = file; path = "Poppins-BlackItalic.ttf"; sourceTree = "<group>"; };
		FA975474264C25E00014374F /* OFL.txt */ = {isa = PBXFileReference; fileEncoding = 4; lastKnownFileType = text; path = OFL.txt; sourceTree = "<group>"; };
		FA975475264C25E00014374F /* Poppins-Regular.ttf */ = {isa = PBXFileReference; lastKnownFileType = file; path = "Poppins-Regular.ttf"; sourceTree = "<group>"; };
		FA975476264C25E00014374F /* Poppins-LightItalic.ttf */ = {isa = PBXFileReference; lastKnownFileType = file; path = "Poppins-LightItalic.ttf"; sourceTree = "<group>"; };
		FA975477264C25E00014374F /* Poppins-Bold.ttf */ = {isa = PBXFileReference; lastKnownFileType = file; path = "Poppins-Bold.ttf"; sourceTree = "<group>"; };
		FA975478264C25E00014374F /* Poppins-Black.ttf */ = {isa = PBXFileReference; lastKnownFileType = file; path = "Poppins-Black.ttf"; sourceTree = "<group>"; };
		FA975479264C25E00014374F /* Poppins-Thin.ttf */ = {isa = PBXFileReference; lastKnownFileType = file; path = "Poppins-Thin.ttf"; sourceTree = "<group>"; };
		FA97547A264C25E00014374F /* Poppins-SemiBold.ttf */ = {isa = PBXFileReference; lastKnownFileType = file; path = "Poppins-SemiBold.ttf"; sourceTree = "<group>"; };
		FA97547B264C25E00014374F /* Poppins-Italic.ttf */ = {isa = PBXFileReference; lastKnownFileType = file; path = "Poppins-Italic.ttf"; sourceTree = "<group>"; };
		FA97547C264C25E00014374F /* Poppins-MediumItalic.ttf */ = {isa = PBXFileReference; lastKnownFileType = file; path = "Poppins-MediumItalic.ttf"; sourceTree = "<group>"; };
		FA975493264C27D40014374F /* User.swift */ = {isa = PBXFileReference; lastKnownFileType = sourcecode.swift; path = User.swift; sourceTree = "<group>"; };
		FAE59E5A264CFE790002C18E /* TransactionTableViewCell.swift */ = {isa = PBXFileReference; lastKnownFileType = sourcecode.swift; path = TransactionTableViewCell.swift; sourceTree = "<group>"; };
		FAE59E5B264CFE790002C18E /* TransactionTableViewCell.xib */ = {isa = PBXFileReference; lastKnownFileType = file.xib; path = TransactionTableViewCell.xib; sourceTree = "<group>"; };
		FAE59E6D264D03690002C18E /* TransactionViewController.swift */ = {isa = PBXFileReference; lastKnownFileType = sourcecode.swift; path = TransactionViewController.swift; sourceTree = "<group>"; };
		FAE59E6E264D03690002C18E /* TransactionViewController.xib */ = {isa = PBXFileReference; lastKnownFileType = file.xib; path = TransactionViewController.xib; sourceTree = "<group>"; };
		FAE59E72264D13110002C18E /* Transaction.swift */ = {isa = PBXFileReference; lastKnownFileType = sourcecode.swift; path = Transaction.swift; sourceTree = "<group>"; };
		FAE59E75264D13430002C18E /* Dream.swift */ = {isa = PBXFileReference; lastKnownFileType = sourcecode.swift; path = Dream.swift; sourceTree = "<group>"; };
		FAE59E7B264D154B0002C18E /* UserData.swift */ = {isa = PBXFileReference; lastKnownFileType = sourcecode.swift; path = UserData.swift; sourceTree = "<group>"; };
		FAF5EFDD2653241500031270 /* Utils.swift */ = {isa = PBXFileReference; lastKnownFileType = sourcecode.swift; path = Utils.swift; sourceTree = "<group>"; };
		FAF5EFE726533BC900031270 /* NotFoundView.xib */ = {isa = PBXFileReference; lastKnownFileType = file.xib; path = NotFoundView.xib; sourceTree = "<group>"; };
		FAF5EFEA26533BFB00031270 /* NotFoundView.swift */ = {isa = PBXFileReference; lastKnownFileType = sourcecode.swift; path = NotFoundView.swift; sourceTree = "<group>"; };
		FAF5EFF226538BF000031270 /* Persist.swift */ = {isa = PBXFileReference; lastKnownFileType = sourcecode.swift; path = Persist.swift; sourceTree = "<group>"; };
/* End PBXFileReference section */

/* Begin PBXFrameworksBuildPhase section */
		FA3C2940264B829D00F83AD5 /* Frameworks */ = {
			isa = PBXFrameworksBuildPhase;
			buildActionMask = 2147483647;
			files = (
			);
			runOnlyForDeploymentPostprocessing = 0;
		};
/* End PBXFrameworksBuildPhase section */

/* Begin PBXGroup section */
		FA35BDB02654E60200F36E78 /* CustomDesign */ = {
			isa = PBXGroup;
			children = (
				FA35BDB12654E61F00F36E78 /* ButtonDesignExtension.swift */,
				FA35BDB52654E66200F36E78 /* TextFieldDesignExtension.swift */,
			);
			path = CustomDesign;
			sourceTree = "<group>";
		};
		FA3C293A264B829D00F83AD5 = {
			isa = PBXGroup;
			children = (
				FA3C2966264B8DD600F83AD5 /* .gitignore */,
				FA3C2962264B8A2500F83AD5 /* .swiftlint.yml */,
				FA3C2945264B829D00F83AD5 /* MyMonee */,
				FA3C2944264B829D00F83AD5 /* Products */,
			);
			sourceTree = "<group>";
		};
		FA3C2944264B829D00F83AD5 /* Products */ = {
			isa = PBXGroup;
			children = (
				FA3C2943264B829D00F83AD5 /* MyMonee.app */,
			);
			name = Products;
			sourceTree = "<group>";
		};
		FA3C2945264B829D00F83AD5 /* MyMonee */ = {
			isa = PBXGroup;
			children = (
				FA59C90D265631130016F359 /* Network */,
				FAF5EFDC2653240700031270 /* Utils */,
				FA975491264C26000014374F /* Fonts */,
				FA3C296A264B94A000F83AD5 /* ViewController */,
				FA3C295D264B82CE00F83AD5 /* View */,
				FA3C295B264B82B700F83AD5 /* Model */,
				FA3C2946264B829D00F83AD5 /* AppDelegate.swift */,
				FA3C2948264B829D00F83AD5 /* SceneDelegate.swift */,
				FA3C294A264B829D00F83AD5 /* ContentView.swift */,
				FA3C294C264B829E00F83AD5 /* Assets.xcassets */,
				FA3C2951264B829E00F83AD5 /* LaunchScreen.storyboard */,
				FA3C2954264B829E00F83AD5 /* Info.plist */,
				FA3C294E264B829E00F83AD5 /* Preview Content */,
			);
			path = MyMonee;
			sourceTree = "<group>";
		};
		FA3C294E264B829E00F83AD5 /* Preview Content */ = {
			isa = PBXGroup;
			children = (
				FA3C294F264B829E00F83AD5 /* Preview Assets.xcassets */,
			);
			path = "Preview Content";
			sourceTree = "<group>";
		};
		FA3C295B264B82B700F83AD5 /* Model */ = {
			isa = PBXGroup;
			children = (
				FA975493264C27D40014374F /* User.swift */,
				FAE59E72264D13110002C18E /* Transaction.swift */,
				FAE59E75264D13430002C18E /* Dream.swift */,
				FAE59E7B264D154B0002C18E /* UserData.swift */,
				FA42E226264FFF77003977BA /* Protocol.swift */,
			);
			path = Model;
			sourceTree = "<group>";
		};
		FA3C295D264B82CE00F83AD5 /* View */ = {
			isa = PBXGroup;
			children = (
				FA35BDB02654E60200F36E78 /* CustomDesign */,
				FAF5EFE126533AB800031270 /* CustomEmptyView */,
				FA42E21F264FCB2C003977BA /* DreamCell */,
				FAE59E5F264D02A00002C18E /* TransactionTable */,
				FAE59E59264CFE480002C18E /* TransactionCell */,
				FA4AF9272656B9A90063F097 /* Toast.swift */,
				FA4AF92E265722FA0063F097 /* Loading.swift */,
			);
			path = View;
			sourceTree = "<group>";
		};
		FA3C2969264B90FF00F83AD5 /* TabBar */ = {
			isa = PBXGroup;
			children = (
				FA3C296B264B94CD00F83AD5 /* TabBarViewController.swift */,
				FA3C296C264B94CD00F83AD5 /* TabBarViewController.xib */,
			);
			path = TabBar;
			sourceTree = "<group>";
		};
		FA3C296A264B94A000F83AD5 /* ViewController */ = {
			isa = PBXGroup;
			children = (
				FA3C2973264B95A300F83AD5 /* Profile */,
				FA3C2972264B959600F83AD5 /* Dream */,
				FA3C2971264B958A00F83AD5 /* Home */,
				FA3C2969264B90FF00F83AD5 /* TabBar */,
			);
			path = ViewController;
			sourceTree = "<group>";
		};
		FA3C2971264B958A00F83AD5 /* Home */ = {
			isa = PBXGroup;
			children = (
				FA76583226510BBC00A0942C /* EditTransaction */,
				FA7658292650FB2200A0942C /* TransactionDetail */,
				FA42E211264F79DD003977BA /* AddTransaction */,
				FA3C297F264B96A300F83AD5 /* HomeViewController.swift */,
				FA3C2980264B96A300F83AD5 /* HomeViewController.xib */,
			);
			path = Home;
			sourceTree = "<group>";
		};
		FA3C2972264B959600F83AD5 /* Dream */ = {
			isa = PBXGroup;
			children = (
				FA7658142650F4E400A0942C /* EditDream */,
				FA42E23926502DC5003977BA /* DreamDetail */,
				FA42E22926502822003977BA /* AddDream */,
				FA3C2985264B998900F83AD5 /* DreamViewController.swift */,
				FA3C2986264B998900F83AD5 /* DreamViewController.xib */,
			);
			path = Dream;
			sourceTree = "<group>";
		};
		FA3C2973264B95A300F83AD5 /* Profile */ = {
			isa = PBXGroup;
			children = (
				FA3C298A264B999600F83AD5 /* ProfileViewController.swift */,
				FA3C298B264B999600F83AD5 /* ProfileViewController.xib */,
			);
			path = Profile;
			sourceTree = "<group>";
		};
		FA42E211264F79DD003977BA /* AddTransaction */ = {
			isa = PBXGroup;
			children = (
				FA42E212264F7A05003977BA /* AddTransactionViewController.swift */,
				FA42E213264F7A05003977BA /* AddTransactionViewController.xib */,
			);
			path = AddTransaction;
			sourceTree = "<group>";
		};
		FA42E21F264FCB2C003977BA /* DreamCell */ = {
			isa = PBXGroup;
			children = (
				FA42E220264FCB85003977BA /* DreamTableViewCell.swift */,
				FA42E221264FCB85003977BA /* DreamTableViewCell.xib */,
			);
			path = DreamCell;
			sourceTree = "<group>";
		};
		FA42E22926502822003977BA /* AddDream */ = {
			isa = PBXGroup;
			children = (
				FA42E2302650294B003977BA /* AddDreamViewController.xib */,
				FA42E22A2650288C003977BA /* AddDreamViewController.swift */,
			);
			path = AddDream;
			sourceTree = "<group>";
		};
		FA42E23926502DC5003977BA /* DreamDetail */ = {
			isa = PBXGroup;
			children = (
				FA42E23A26502DE1003977BA /* DreamDetailViewController.swift */,
				FA42E23B26502DE1003977BA /* DreamDetailViewController.xib */,
			);
			path = DreamDetail;
			sourceTree = "<group>";
		};
		FA59C90D265631130016F359 /* Network */ = {
			isa = PBXGroup;
			children = (
				FA59C90E2656320A0016F359 /* TransactionNetworkService.swift */,
			);
			path = Network;
			sourceTree = "<group>";
		};
		FA7658142650F4E400A0942C /* EditDream */ = {
			isa = PBXGroup;
			children = (
				FA76581F2650F52F00A0942C /* EditDreamViewController.swift */,
				FA7658242650F6A300A0942C /* EditDreamViewController.xib */,
			);
			path = EditDream;
			sourceTree = "<group>";
		};
		FA7658292650FB2200A0942C /* TransactionDetail */ = {
			isa = PBXGroup;
			children = (
				FA76582E2650FB5F00A0942C /* TransactionDetailViewController.xib */,
				FA76582A2650FB3B00A0942C /* TransactionDetailViewController.swift */,
			);
			path = TransactionDetail;
			sourceTree = "<group>";
		};
		FA76583226510BBC00A0942C /* EditTransaction */ = {
			isa = PBXGroup;
			children = (
				FA76583326510BD800A0942C /* EditTransactionViewController.swift */,
				FA76583926510C0800A0942C /* EditTransactionViewController.xib */,
			);
			path = EditTransaction;
			sourceTree = "<group>";
		};
		FA975469264C25E00014374F /* Poppins */ = {
			isa = PBXGroup;
			children = (
				FA97546A264C25E00014374F /* Poppins-ExtraLight.ttf */,
				FA97546B264C25E00014374F /* Poppins-ThinItalic.ttf */,
				FA97546C264C25E00014374F /* Poppins-ExtraLightItalic.ttf */,
				FA97546D264C25E00014374F /* Poppins-BoldItalic.ttf */,
				FA97546E264C25E00014374F /* Poppins-Light.ttf */,
				FA97546F264C25E00014374F /* Poppins-Medium.ttf */,
				FA975470264C25E00014374F /* Poppins-SemiBoldItalic.ttf */,
				FA975471264C25E00014374F /* Poppins-ExtraBoldItalic.ttf */,
				FA975472264C25E00014374F /* Poppins-ExtraBold.ttf */,
				FA975473264C25E00014374F /* Poppins-BlackItalic.ttf */,
				FA975474264C25E00014374F /* OFL.txt */,
				FA975475264C25E00014374F /* Poppins-Regular.ttf */,
				FA975476264C25E00014374F /* Poppins-LightItalic.ttf */,
				FA975477264C25E00014374F /* Poppins-Bold.ttf */,
				FA975478264C25E00014374F /* Poppins-Black.ttf */,
				FA975479264C25E00014374F /* Poppins-Thin.ttf */,
				FA97547A264C25E00014374F /* Poppins-SemiBold.ttf */,
				FA97547B264C25E00014374F /* Poppins-Italic.ttf */,
				FA97547C264C25E00014374F /* Poppins-MediumItalic.ttf */,
			);
			path = Poppins;
			sourceTree = "<group>";
		};
		FA975491264C26000014374F /* Fonts */ = {
			isa = PBXGroup;
			children = (
				FA975469264C25E00014374F /* Poppins */,
			);
			path = Fonts;
			sourceTree = "<group>";
		};
		FAE59E59264CFE480002C18E /* TransactionCell */ = {
			isa = PBXGroup;
			children = (
				FAE59E5A264CFE790002C18E /* TransactionTableViewCell.swift */,
				FAE59E5B264CFE790002C18E /* TransactionTableViewCell.xib */,
			);
			path = TransactionCell;
			sourceTree = "<group>";
		};
		FAE59E5F264D02A00002C18E /* TransactionTable */ = {
			isa = PBXGroup;
			children = (
				FAE59E6D264D03690002C18E /* TransactionViewController.swift */,
				FAE59E6E264D03690002C18E /* TransactionViewController.xib */,
			);
			path = TransactionTable;
			sourceTree = "<group>";
		};
		FAF5EFDC2653240700031270 /* Utils */ = {
			isa = PBXGroup;
			children = (
				FAF5EFDD2653241500031270 /* Utils.swift */,
				FAF5EFF226538BF000031270 /* Persist.swift */,
			);
			path = Utils;
			sourceTree = "<group>";
		};
		FAF5EFE126533AB800031270 /* CustomEmptyView */ = {
			isa = PBXGroup;
			children = (
				FAF5EFE726533BC900031270 /* NotFoundView.xib */,
				FAF5EFEA26533BFB00031270 /* NotFoundView.swift */,
			);
			path = CustomEmptyView;
			sourceTree = "<group>";
		};
/* End PBXGroup section */

/* Begin PBXNativeTarget section */
		FA3C2942264B829D00F83AD5 /* MyMonee */ = {
			isa = PBXNativeTarget;
			buildConfigurationList = FA3C2957264B829E00F83AD5 /* Build configuration list for PBXNativeTarget "MyMonee" */;
			buildPhases = (
				FA3C293F264B829D00F83AD5 /* Sources */,
				FA3C2940264B829D00F83AD5 /* Frameworks */,
				FA3C2941264B829D00F83AD5 /* Resources */,
				FA3C2960264B891900F83AD5 /* ShellScript */,
			);
			buildRules = (
			);
			dependencies = (
			);
			name = MyMonee;
			productName = MyMonee;
			productReference = FA3C2943264B829D00F83AD5 /* MyMonee.app */;
			productType = "com.apple.product-type.application";
		};
/* End PBXNativeTarget section */

/* Begin PBXProject section */
		FA3C293B264B829D00F83AD5 /* Project object */ = {
			isa = PBXProject;
			attributes = {
				LastSwiftUpdateCheck = 1240;
				LastUpgradeCheck = 1240;
				TargetAttributes = {
					FA3C2942264B829D00F83AD5 = {
						CreatedOnToolsVersion = 12.4;
					};
				};
			};
			buildConfigurationList = FA3C293E264B829D00F83AD5 /* Build configuration list for PBXProject "MyMonee" */;
			compatibilityVersion = "Xcode 9.3";
			developmentRegion = en;
			hasScannedForEncodings = 0;
			knownRegions = (
				en,
				Base,
			);
			mainGroup = FA3C293A264B829D00F83AD5;
			productRefGroup = FA3C2944264B829D00F83AD5 /* Products */;
			projectDirPath = "";
			projectRoot = "";
			targets = (
				FA3C2942264B829D00F83AD5 /* MyMonee */,
			);
		};
/* End PBXProject section */

/* Begin PBXResourcesBuildPhase section */
		FA3C2941264B829D00F83AD5 /* Resources */ = {
			isa = PBXResourcesBuildPhase;
			buildActionMask = 2147483647;
			files = (
				FA97548B264C25E00014374F /* Poppins-Black.ttf in Resources */,
				FA97547F264C25E00014374F /* Poppins-ExtraLightItalic.ttf in Resources */,
				FA975483264C25E00014374F /* Poppins-SemiBoldItalic.ttf in Resources */,
				FA42E215264F7A05003977BA /* AddTransactionViewController.xib in Resources */,
				FA97548E264C25E00014374F /* Poppins-Italic.ttf in Resources */,
				FA97547D264C25E00014374F /* Poppins-ExtraLight.ttf in Resources */,
				FA97548F264C25E00014374F /* Poppins-MediumItalic.ttf in Resources */,
				FA975480264C25E00014374F /* Poppins-BoldItalic.ttf in Resources */,
				FA3C298D264B999600F83AD5 /* ProfileViewController.xib in Resources */,
				FA3C2988264B998900F83AD5 /* DreamViewController.xib in Resources */,
				FA97547E264C25E00014374F /* Poppins-ThinItalic.ttf in Resources */,
				FA3C2967264B8DD600F83AD5 /* .gitignore in Resources */,
				FA76583A26510C0800A0942C /* EditTransactionViewController.xib in Resources */,
				FA975481264C25E00014374F /* Poppins-Light.ttf in Resources */,
				FA975488264C25E00014374F /* Poppins-Regular.ttf in Resources */,
				FAE59E5D264CFE790002C18E /* TransactionTableViewCell.xib in Resources */,
				FA3C2963264B8A2500F83AD5 /* .swiftlint.yml in Resources */,
				FA7658252650F6A300A0942C /* EditDreamViewController.xib in Resources */,
				FA975487264C25E00014374F /* OFL.txt in Resources */,
				FA975485264C25E00014374F /* Poppins-ExtraBold.ttf in Resources */,
				FA42E2312650294B003977BA /* AddDreamViewController.xib in Resources */,
				FA97548C264C25E00014374F /* Poppins-Thin.ttf in Resources */,
				FA76582F2650FB5F00A0942C /* TransactionDetailViewController.xib in Resources */,
				FA42E223264FCB85003977BA /* DreamTableViewCell.xib in Resources */,
				FA975482264C25E00014374F /* Poppins-Medium.ttf in Resources */,
				FA97548A264C25E00014374F /* Poppins-Bold.ttf in Resources */,
				FA42E23D26502DE1003977BA /* DreamDetailViewController.xib in Resources */,
				FA97548D264C25E00014374F /* Poppins-SemiBold.ttf in Resources */,
				FA3C2953264B829E00F83AD5 /* LaunchScreen.storyboard in Resources */,
				FA3C2950264B829E00F83AD5 /* Preview Assets.xcassets in Resources */,
				FAE59E70264D03690002C18E /* TransactionViewController.xib in Resources */,
				FA3C296E264B94CD00F83AD5 /* TabBarViewController.xib in Resources */,
				FA3C2982264B96A300F83AD5 /* HomeViewController.xib in Resources */,
				FAF5EFE826533BC900031270 /* NotFoundView.xib in Resources */,
				FA975486264C25E00014374F /* Poppins-BlackItalic.ttf in Resources */,
				FA3C294D264B829E00F83AD5 /* Assets.xcassets in Resources */,
				FA975484264C25E00014374F /* Poppins-ExtraBoldItalic.ttf in Resources */,
				FA975489264C25E00014374F /* Poppins-LightItalic.ttf in Resources */,
			);
			runOnlyForDeploymentPostprocessing = 0;
		};
/* End PBXResourcesBuildPhase section */

/* Begin PBXShellScriptBuildPhase section */
		FA3C2960264B891900F83AD5 /* ShellScript */ = {
			isa = PBXShellScriptBuildPhase;
			buildActionMask = 2147483647;
			files = (
			);
			inputFileListPaths = (
			);
			inputPaths = (
			);
			outputFileListPaths = (
			);
			outputPaths = (
			);
			runOnlyForDeploymentPostprocessing = 0;
			shellPath = /bin/sh;
			shellScript = "# Type a script or drag a script file from your workspace to insert its path.\nif which swiftlint >/dev/null; then\n  swiftlint\n  swiftlint autocorrect\nelse\n  echo \"warning: SwiftLint not installed, download from https://github.com/realm/SwiftLint\"\nfi\n";
		};
/* End PBXShellScriptBuildPhase section */

/* Begin PBXSourcesBuildPhase section */
		FA3C293F264B829D00F83AD5 /* Sources */ = {
			isa = PBXSourcesBuildPhase;
			buildActionMask = 2147483647;
			files = (
				FA35BDB22654E61F00F36E78 /* ButtonDesignExtension.swift in Sources */,
				FA76583526510BD800A0942C /* EditTransactionViewController.swift in Sources */,
				FA42E222264FCB85003977BA /* DreamTableViewCell.swift in Sources */,
				FAF5EFF326538BF000031270 /* Persist.swift in Sources */,
				FAE59E7C264D154B0002C18E /* UserData.swift in Sources */,
				FA3C2981264B96A300F83AD5 /* HomeViewController.swift in Sources */,
				FA3C296D264B94CD00F83AD5 /* TabBarViewController.swift in Sources */,
				FA975494264C27D40014374F /* User.swift in Sources */,
				FA42E22C2650288C003977BA /* AddDreamViewController.swift in Sources */,
				FAF5EFDE2653241500031270 /* Utils.swift in Sources */,
				FA3C2947264B829D00F83AD5 /* AppDelegate.swift in Sources */,
				FA42E214264F7A05003977BA /* AddTransactionViewController.swift in Sources */,
				FA4AF92F265722FA0063F097 /* Loading.swift in Sources */,
				FA3C2949264B829D00F83AD5 /* SceneDelegate.swift in Sources */,
				FA4AF9282656B9A90063F097 /* Toast.swift in Sources */,
				FA59C90F2656320A0016F359 /* TransactionNetworkService.swift in Sources */,
				FA42E23C26502DE1003977BA /* DreamDetailViewController.swift in Sources */,
				FAE59E6F264D03690002C18E /* TransactionViewController.swift in Sources */,
				FAE59E73264D13110002C18E /* Transaction.swift in Sources */,
				FA3C298C264B999600F83AD5 /* ProfileViewController.swift in Sources */,
				FA35BDB62654E66200F36E78 /* TextFieldDesignExtension.swift in Sources */,
				FA3C2987264B998900F83AD5 /* DreamViewController.swift in Sources */,
				FAE59E5C264CFE790002C18E /* TransactionTableViewCell.swift in Sources */,
				FAE59E76264D13430002C18E /* Dream.swift in Sources */,
				FA76582B2650FB3B00A0942C /* TransactionDetailViewController.swift in Sources */,
				FA7658212650F52F00A0942C /* EditDreamViewController.swift in Sources */,
				FA42E227264FFF77003977BA /* Protocol.swift in Sources */,
				FAF5EFEB26533BFB00031270 /* NotFoundView.swift in Sources */,
				FA3C294B264B829D00F83AD5 /* ContentView.swift in Sources */,
			);
			runOnlyForDeploymentPostprocessing = 0;
		};
/* End PBXSourcesBuildPhase section */

/* Begin PBXVariantGroup section */
		FA3C2951264B829E00F83AD5 /* LaunchScreen.storyboard */ = {
			isa = PBXVariantGroup;
			children = (
				FA3C2952264B829E00F83AD5 /* Base */,
			);
			name = LaunchScreen.storyboard;
			sourceTree = "<group>";
		};
/* End PBXVariantGroup section */

/* Begin XCBuildConfiguration section */
		FA3C2955264B829E00F83AD5 /* Debug */ = {
			isa = XCBuildConfiguration;
			buildSettings = {
				ALWAYS_SEARCH_USER_PATHS = NO;
				CLANG_ANALYZER_NONNULL = YES;
				CLANG_ANALYZER_NUMBER_OBJECT_CONVERSION = YES_AGGRESSIVE;
				CLANG_CXX_LANGUAGE_STANDARD = "gnu++14";
				CLANG_CXX_LIBRARY = "libc++";
				CLANG_ENABLE_MODULES = YES;
				CLANG_ENABLE_OBJC_ARC = YES;
				CLANG_ENABLE_OBJC_WEAK = YES;
				CLANG_WARN_BLOCK_CAPTURE_AUTORELEASING = YES;
				CLANG_WARN_BOOL_CONVERSION = YES;
				CLANG_WARN_COMMA = YES;
				CLANG_WARN_CONSTANT_CONVERSION = YES;
				CLANG_WARN_DEPRECATED_OBJC_IMPLEMENTATIONS = YES;
				CLANG_WARN_DIRECT_OBJC_ISA_USAGE = YES_ERROR;
				CLANG_WARN_DOCUMENTATION_COMMENTS = YES;
				CLANG_WARN_EMPTY_BODY = YES;
				CLANG_WARN_ENUM_CONVERSION = YES;
				CLANG_WARN_INFINITE_RECURSION = YES;
				CLANG_WARN_INT_CONVERSION = YES;
				CLANG_WARN_NON_LITERAL_NULL_CONVERSION = YES;
				CLANG_WARN_OBJC_IMPLICIT_RETAIN_SELF = YES;
				CLANG_WARN_OBJC_LITERAL_CONVERSION = YES;
				CLANG_WARN_OBJC_ROOT_CLASS = YES_ERROR;
				CLANG_WARN_QUOTED_INCLUDE_IN_FRAMEWORK_HEADER = YES;
				CLANG_WARN_RANGE_LOOP_ANALYSIS = YES;
				CLANG_WARN_STRICT_PROTOTYPES = YES;
				CLANG_WARN_SUSPICIOUS_MOVE = YES;
				CLANG_WARN_UNGUARDED_AVAILABILITY = YES_AGGRESSIVE;
				CLANG_WARN_UNREACHABLE_CODE = YES;
				CLANG_WARN__DUPLICATE_METHOD_MATCH = YES;
				COPY_PHASE_STRIP = NO;
				DEBUG_INFORMATION_FORMAT = dwarf;
				ENABLE_STRICT_OBJC_MSGSEND = YES;
				ENABLE_TESTABILITY = YES;
				GCC_C_LANGUAGE_STANDARD = gnu11;
				GCC_DYNAMIC_NO_PIC = NO;
				GCC_NO_COMMON_BLOCKS = YES;
				GCC_OPTIMIZATION_LEVEL = 0;
				GCC_PREPROCESSOR_DEFINITIONS = (
					"DEBUG=1",
					"$(inherited)",
				);
				GCC_WARN_64_TO_32_BIT_CONVERSION = YES;
				GCC_WARN_ABOUT_RETURN_TYPE = YES_ERROR;
				GCC_WARN_UNDECLARED_SELECTOR = YES;
				GCC_WARN_UNINITIALIZED_AUTOS = YES_AGGRESSIVE;
				GCC_WARN_UNUSED_FUNCTION = YES;
				GCC_WARN_UNUSED_VARIABLE = YES;
				IPHONEOS_DEPLOYMENT_TARGET = 14.4;
				MTL_ENABLE_DEBUG_INFO = INCLUDE_SOURCE;
				MTL_FAST_MATH = YES;
				ONLY_ACTIVE_ARCH = YES;
				SDKROOT = iphoneos;
				SWIFT_ACTIVE_COMPILATION_CONDITIONS = DEBUG;
				SWIFT_OPTIMIZATION_LEVEL = "-Onone";
			};
			name = Debug;
		};
		FA3C2956264B829E00F83AD5 /* Release */ = {
			isa = XCBuildConfiguration;
			buildSettings = {
				ALWAYS_SEARCH_USER_PATHS = NO;
				CLANG_ANALYZER_NONNULL = YES;
				CLANG_ANALYZER_NUMBER_OBJECT_CONVERSION = YES_AGGRESSIVE;
				CLANG_CXX_LANGUAGE_STANDARD = "gnu++14";
				CLANG_CXX_LIBRARY = "libc++";
				CLANG_ENABLE_MODULES = YES;
				CLANG_ENABLE_OBJC_ARC = YES;
				CLANG_ENABLE_OBJC_WEAK = YES;
				CLANG_WARN_BLOCK_CAPTURE_AUTORELEASING = YES;
				CLANG_WARN_BOOL_CONVERSION = YES;
				CLANG_WARN_COMMA = YES;
				CLANG_WARN_CONSTANT_CONVERSION = YES;
				CLANG_WARN_DEPRECATED_OBJC_IMPLEMENTATIONS = YES;
				CLANG_WARN_DIRECT_OBJC_ISA_USAGE = YES_ERROR;
				CLANG_WARN_DOCUMENTATION_COMMENTS = YES;
				CLANG_WARN_EMPTY_BODY = YES;
				CLANG_WARN_ENUM_CONVERSION = YES;
				CLANG_WARN_INFINITE_RECURSION = YES;
				CLANG_WARN_INT_CONVERSION = YES;
				CLANG_WARN_NON_LITERAL_NULL_CONVERSION = YES;
				CLANG_WARN_OBJC_IMPLICIT_RETAIN_SELF = YES;
				CLANG_WARN_OBJC_LITERAL_CONVERSION = YES;
				CLANG_WARN_OBJC_ROOT_CLASS = YES_ERROR;
				CLANG_WARN_QUOTED_INCLUDE_IN_FRAMEWORK_HEADER = YES;
				CLANG_WARN_RANGE_LOOP_ANALYSIS = YES;
				CLANG_WARN_STRICT_PROTOTYPES = YES;
				CLANG_WARN_SUSPICIOUS_MOVE = YES;
				CLANG_WARN_UNGUARDED_AVAILABILITY = YES_AGGRESSIVE;
				CLANG_WARN_UNREACHABLE_CODE = YES;
				CLANG_WARN__DUPLICATE_METHOD_MATCH = YES;
				COPY_PHASE_STRIP = NO;
				DEBUG_INFORMATION_FORMAT = "dwarf-with-dsym";
				ENABLE_NS_ASSERTIONS = NO;
				ENABLE_STRICT_OBJC_MSGSEND = YES;
				GCC_C_LANGUAGE_STANDARD = gnu11;
				GCC_NO_COMMON_BLOCKS = YES;
				GCC_WARN_64_TO_32_BIT_CONVERSION = YES;
				GCC_WARN_ABOUT_RETURN_TYPE = YES_ERROR;
				GCC_WARN_UNDECLARED_SELECTOR = YES;
				GCC_WARN_UNINITIALIZED_AUTOS = YES_AGGRESSIVE;
				GCC_WARN_UNUSED_FUNCTION = YES;
				GCC_WARN_UNUSED_VARIABLE = YES;
				IPHONEOS_DEPLOYMENT_TARGET = 14.4;
				MTL_ENABLE_DEBUG_INFO = NO;
				MTL_FAST_MATH = YES;
				SDKROOT = iphoneos;
				SWIFT_COMPILATION_MODE = wholemodule;
				SWIFT_OPTIMIZATION_LEVEL = "-O";
				VALIDATE_PRODUCT = YES;
			};
			name = Release;
		};
		FA3C2958264B829E00F83AD5 /* Debug */ = {
			isa = XCBuildConfiguration;
			buildSettings = {
				ASSETCATALOG_COMPILER_APPICON_NAME = AppIcon;
				ASSETCATALOG_COMPILER_GLOBAL_ACCENT_COLOR_NAME = AccentColor;
				CODE_SIGN_STYLE = Automatic;
				DEVELOPMENT_ASSET_PATHS = "\"MyMonee/Preview Content\"";
				DEVELOPMENT_TEAM = T52Z585B79;
				ENABLE_PREVIEWS = YES;
				INFOPLIST_FILE = MyMonee/Info.plist;
				IPHONEOS_DEPLOYMENT_TARGET = 14.4;
				LD_RUNPATH_SEARCH_PATHS = (
					"$(inherited)",
					"@executable_path/Frameworks",
				);
				PRODUCT_BUNDLE_IDENTIFIER = com.mymonee.MyMonee;
				PRODUCT_NAME = "$(TARGET_NAME)";
				SWIFT_VERSION = 5.0;
				TARGETED_DEVICE_FAMILY = "1,2";
			};
			name = Debug;
		};
		FA3C2959264B829E00F83AD5 /* Release */ = {
			isa = XCBuildConfiguration;
			buildSettings = {
				ASSETCATALOG_COMPILER_APPICON_NAME = AppIcon;
				ASSETCATALOG_COMPILER_GLOBAL_ACCENT_COLOR_NAME = AccentColor;
				CODE_SIGN_STYLE = Automatic;
				DEVELOPMENT_ASSET_PATHS = "\"MyMonee/Preview Content\"";
				DEVELOPMENT_TEAM = T52Z585B79;
				ENABLE_PREVIEWS = YES;
				INFOPLIST_FILE = MyMonee/Info.plist;
				IPHONEOS_DEPLOYMENT_TARGET = 14.4;
				LD_RUNPATH_SEARCH_PATHS = (
					"$(inherited)",
					"@executable_path/Frameworks",
				);
				PRODUCT_BUNDLE_IDENTIFIER = com.mymonee.MyMonee;
				PRODUCT_NAME = "$(TARGET_NAME)";
				SWIFT_VERSION = 5.0;
				TARGETED_DEVICE_FAMILY = "1,2";
			};
			name = Release;
		};
/* End XCBuildConfiguration section */

/* Begin XCConfigurationList section */
		FA3C293E264B829D00F83AD5 /* Build configuration list for PBXProject "MyMonee" */ = {
			isa = XCConfigurationList;
			buildConfigurations = (
				FA3C2955264B829E00F83AD5 /* Debug */,
				FA3C2956264B829E00F83AD5 /* Release */,
			);
			defaultConfigurationIsVisible = 0;
			defaultConfigurationName = Release;
		};
		FA3C2957264B829E00F83AD5 /* Build configuration list for PBXNativeTarget "MyMonee" */ = {
			isa = XCConfigurationList;
			buildConfigurations = (
				FA3C2958264B829E00F83AD5 /* Debug */,
				FA3C2959264B829E00F83AD5 /* Release */,
			);
			defaultConfigurationIsVisible = 0;
			defaultConfigurationName = Release;
		};
/* End XCConfigurationList section */
	};
	rootObject = FA3C293B264B829D00F83AD5 /* Project object */;
}
